
Microsoft Visual Studio Solution File, Format Version 12.00
# Visual Studio Version 16
VisualStudioVersion = 16.0.28729.10
MinimumVisualStudioVersion = 10.0.40219.1
Project("{FAE04EC0-301F-11D3-BF4B-00C04F79EFBC}") = "SolarApp.Android", "SolarApp\SolarApp.Android\SolarApp.Android.csproj", "{D34FB027-B501-40F1-9B13-611D6E18F3BE}"
EndProject
Project("{FAE04EC0-301F-11D3-BF4B-00C04F79EFBC}") = "SolarApp.iOS", "SolarApp\SolarApp.iOS\SolarApp.iOS.csproj", "{FBC35F76-A927-412A-8379-51175989DA51}"
EndProject
Project("{FAE04EC0-301F-11D3-BF4B-00C04F79EFBC}") = "SolarApp.MobileAppService", "SolarApp\SolarApp.MobileAppService\SolarApp.MobileAppService.csproj", "{5D71CE91-2EBE-406F-B2E6-76501AC4E50B}"
EndProject
Project("{FAE04EC0-301F-11D3-BF4B-00C04F79EFBC}") = "SolarApp", "SolarApp\SolarApp\SolarApp.csproj", "{B3850CE7-B779-4AA3-922A-285DB56DAB4B}"
EndProject
Global
	GlobalSection(SolutionConfigurationPlatforms) = preSolution
		Ad-Hoc|Any CPU = Ad-Hoc|Any CPU
		Ad-Hoc|ARM = Ad-Hoc|ARM
		Ad-Hoc|iPhone = Ad-Hoc|iPhone
		Ad-Hoc|iPhoneSimulator = Ad-Hoc|iPhoneSimulator
		Ad-Hoc|x64 = Ad-Hoc|x64
		Ad-Hoc|x86 = Ad-Hoc|x86
		AppStore|Any CPU = AppStore|Any CPU
		AppStore|ARM = AppStore|ARM
		AppStore|iPhone = AppStore|iPhone
		AppStore|iPhoneSimulator = AppStore|iPhoneSimulator
		AppStore|x64 = AppStore|x64
		AppStore|x86 = AppStore|x86
		Debug|Any CPU = Debug|Any CPU
		Debug|ARM = Debug|ARM
		Debug|iPhone = Debug|iPhone
		Debug|iPhoneSimulator = Debug|iPhoneSimulator
		Debug|x64 = Debug|x64
		Debug|x86 = Debug|x86
		Release|Any CPU = Release|Any CPU
		Release|ARM = Release|ARM
		Release|iPhone = Release|iPhone
		Release|iPhoneSimulator = Release|iPhoneSimulator
		Release|x64 = Release|x64
		Release|x86 = Release|x86
	EndGlobalSection
	GlobalSection(ProjectConfigurationPlatforms) = postSolution
		{D34FB027-B501-40F1-9B13-611D6E18F3BE}.Ad-Hoc|Any CPU.ActiveCfg = Release|Any CPU
		{D34FB027-B501-40F1-9B13-611D6E18F3BE}.Ad-Hoc|Any CPU.Build.0 = Release|Any CPU
		{D34FB027-B501-40F1-9B13-611D6E18F3BE}.Ad-Hoc|Any CPU.Deploy.0 = Release|Any CPU
		{D34FB027-B501-40F1-9B13-611D6E18F3BE}.Ad-Hoc|ARM.ActiveCfg = Release|Any CPU
		{D34FB027-B501-40F1-9B13-611D6E18F3BE}.Ad-Hoc|ARM.Build.0 = Release|Any CPU
		{D34FB027-B501-40F1-9B13-611D6E18F3BE}.Ad-Hoc|ARM.Deploy.0 = Release|Any CPU
		{D34FB027-B501-40F1-9B13-611D6E18F3BE}.Ad-Hoc|iPhone.ActiveCfg = Release|Any CPU
		{D34FB027-B501-40F1-9B13-611D6E18F3BE}.Ad-Hoc|iPhone.Build.0 = Release|Any CPU
		{D34FB027-B501-40F1-9B13-611D6E18F3BE}.Ad-Hoc|iPhone.Deploy.0 = Release|Any CPU
		{D34FB027-B501-40F1-9B13-611D6E18F3BE}.Ad-Hoc|iPhoneSimulator.ActiveCfg = Release|Any CPU
		{D34FB027-B501-40F1-9B13-611D6E18F3BE}.Ad-Hoc|iPhoneSimulator.Build.0 = Release|Any CPU
		{D34FB027-B501-40F1-9B13-611D6E18F3BE}.Ad-Hoc|iPhoneSimulator.Deploy.0 = Release|Any CPU
		{D34FB027-B501-40F1-9B13-611D6E18F3BE}.Ad-Hoc|x64.ActiveCfg = Release|Any CPU
		{D34FB027-B501-40F1-9B13-611D6E18F3BE}.Ad-Hoc|x64.Build.0 = Release|Any CPU
		{D34FB027-B501-40F1-9B13-611D6E18F3BE}.Ad-Hoc|x64.Deploy.0 = Release|Any CPU
		{D34FB027-B501-40F1-9B13-611D6E18F3BE}.Ad-Hoc|x86.ActiveCfg = Release|Any CPU
		{D34FB027-B501-40F1-9B13-611D6E18F3BE}.Ad-Hoc|x86.Build.0 = Release|Any CPU
		{D34FB027-B501-40F1-9B13-611D6E18F3BE}.Ad-Hoc|x86.Deploy.0 = Release|Any CPU
		{D34FB027-B501-40F1-9B13-611D6E18F3BE}.AppStore|Any CPU.ActiveCfg = Release|Any CPU
		{D34FB027-B501-40F1-9B13-611D6E18F3BE}.AppStore|Any CPU.Build.0 = Release|Any CPU
		{D34FB027-B501-40F1-9B13-611D6E18F3BE}.AppStore|Any CPU.Deploy.0 = Release|Any CPU
		{D34FB027-B501-40F1-9B13-611D6E18F3BE}.AppStore|ARM.ActiveCfg = Release|Any CPU
		{D34FB027-B501-40F1-9B13-611D6E18F3BE}.AppStore|ARM.Build.0 = Release|Any CPU
		{D34FB027-B501-40F1-9B13-611D6E18F3BE}.AppStore|ARM.Deploy.0 = Release|Any CPU
		{D34FB027-B501-40F1-9B13-611D6E18F3BE}.AppStore|iPhone.ActiveCfg = Release|Any CPU
		{D34FB027-B501-40F1-9B13-611D6E18F3BE}.AppStore|iPhone.Build.0 = Release|Any CPU
		{D34FB027-B501-40F1-9B13-611D6E18F3BE}.AppStore|iPhone.Deploy.0 = Release|Any CPU
		{D34FB027-B501-40F1-9B13-611D6E18F3BE}.AppStore|iPhoneSimulator.ActiveCfg = Release|Any CPU
		{D34FB027-B501-40F1-9B13-611D6E18F3BE}.AppStore|iPhoneSimulator.Build.0 = Release|Any CPU
		{D34FB027-B501-40F1-9B13-611D6E18F3BE}.AppStore|iPhoneSimulator.Deploy.0 = Release|Any CPU
		{D34FB027-B501-40F1-9B13-611D6E18F3BE}.AppStore|x64.ActiveCfg = Release|Any CPU
		{D34FB027-B501-40F1-9B13-611D6E18F3BE}.AppStore|x64.Build.0 = Release|Any CPU
		{D34FB027-B501-40F1-9B13-611D6E18F3BE}.AppStore|x64.Deploy.0 = Release|Any CPU
		{D34FB027-B501-40F1-9B13-611D6E18F3BE}.AppStore|x86.ActiveCfg = Release|Any CPU
		{D34FB027-B501-40F1-9B13-611D6E18F3BE}.AppStore|x86.Build.0 = Release|Any CPU
		{D34FB027-B501-40F1-9B13-611D6E18F3BE}.AppStore|x86.Deploy.0 = Release|Any CPU
		{D34FB027-B501-40F1-9B13-611D6E18F3BE}.Debug|Any CPU.ActiveCfg = Debug|Any CPU
		{D34FB027-B501-40F1-9B13-611D6E18F3BE}.Debug|Any CPU.Build.0 = Debug|Any CPU
		{D34FB027-B501-40F1-9B13-611D6E18F3BE}.Debug|Any CPU.Deploy.0 = Debug|Any CPU
		{D34FB027-B501-40F1-9B13-611D6E18F3BE}.Debug|ARM.ActiveCfg = Debug|Any CPU
		{D34FB027-B501-40F1-9B13-611D6E18F3BE}.Debug|ARM.Build.0 = Debug|Any CPU
		{D34FB027-B501-40F1-9B13-611D6E18F3BE}.Debug|ARM.Deploy.0 = Debug|Any CPU
		{D34FB027-B501-40F1-9B13-611D6E18F3BE}.Debug|iPhone.ActiveCfg = Debug|Any CPU
		{D34FB027-B501-40F1-9B13-611D6E18F3BE}.Debug|iPhone.Build.0 = Debug|Any CPU
		{D34FB027-B501-40F1-9B13-611D6E18F3BE}.Debug|iPhone.Deploy.0 = Debug|Any CPU
		{D34FB027-B501-40F1-9B13-611D6E18F3BE}.Debug|iPhoneSimulator.ActiveCfg = Debug|Any CPU
		{D34FB027-B501-40F1-9B13-611D6E18F3BE}.Debug|iPhoneSimulator.Build.0 = Debug|Any CPU
		{D34FB027-B501-40F1-9B13-611D6E18F3BE}.Debug|iPhoneSimulator.Deploy.0 = Debug|Any CPU
		{D34FB027-B501-40F1-9B13-611D6E18F3BE}.Debug|x64.ActiveCfg = Debug|Any CPU
		{D34FB027-B501-40F1-9B13-611D6E18F3BE}.Debug|x64.Build.0 = Debug|Any CPU
		{D34FB027-B501-40F1-9B13-611D6E18F3BE}.Debug|x64.Deploy.0 = Debug|Any CPU
		{D34FB027-B501-40F1-9B13-611D6E18F3BE}.Debug|x86.ActiveCfg = Debug|Any CPU
		{D34FB027-B501-40F1-9B13-611D6E18F3BE}.Debug|x86.Build.0 = Debug|Any CPU
		{D34FB027-B501-40F1-9B13-611D6E18F3BE}.Debug|x86.Deploy.0 = Debug|Any CPU
		{D34FB027-B501-40F1-9B13-611D6E18F3BE}.Release|Any CPU.ActiveCfg = Release|Any CPU
		{D34FB027-B501-40F1-9B13-611D6E18F3BE}.Release|Any CPU.Build.0 = Release|Any CPU
		{D34FB027-B501-40F1-9B13-611D6E18F3BE}.Release|Any CPU.Deploy.0 = Release|Any CPU
		{D34FB027-B501-40F1-9B13-611D6E18F3BE}.Release|ARM.ActiveCfg = Release|Any CPU
		{D34FB027-B501-40F1-9B13-611D6E18F3BE}.Release|ARM.Build.0 = Release|Any CPU
		{D34FB027-B501-40F1-9B13-611D6E18F3BE}.Release|ARM.Deploy.0 = Release|Any CPU
		{D34FB027-B501-40F1-9B13-611D6E18F3BE}.Release|iPhone.ActiveCfg = Release|Any CPU
		{D34FB027-B501-40F1-9B13-611D6E18F3BE}.Release|iPhone.Build.0 = Release|Any CPU
		{D34FB027-B501-40F1-9B13-611D6E18F3BE}.Release|iPhone.Deploy.0 = Release|Any CPU
		{D34FB027-B501-40F1-9B13-611D6E18F3BE}.Release|iPhoneSimulator.ActiveCfg = Release|Any CPU
		{D34FB027-B501-40F1-9B13-611D6E18F3BE}.Release|iPhoneSimulator.Build.0 = Release|Any CPU
		{D34FB027-B501-40F1-9B13-611D6E18F3BE}.Release|iPhoneSimulator.Deploy.0 = Release|Any CPU
		{D34FB027-B501-40F1-9B13-611D6E18F3BE}.Release|x64.ActiveCfg = Release|Any CPU
		{D34FB027-B501-40F1-9B13-611D6E18F3BE}.Release|x64.Build.0 = Release|Any CPU
		{D34FB027-B501-40F1-9B13-611D6E18F3BE}.Release|x64.Deploy.0 = Release|Any CPU
		{D34FB027-B501-40F1-9B13-611D6E18F3BE}.Release|x86.ActiveCfg = Release|Any CPU
		{D34FB027-B501-40F1-9B13-611D6E18F3BE}.Release|x86.Build.0 = Release|Any CPU
		{D34FB027-B501-40F1-9B13-611D6E18F3BE}.Release|x86.Deploy.0 = Release|Any CPU
		{FBC35F76-A927-412A-8379-51175989DA51}.Ad-Hoc|Any CPU.ActiveCfg = Release|iPhone
		{FBC35F76-A927-412A-8379-51175989DA51}.Ad-Hoc|Any CPU.Build.0 = Release|iPhone
		{FBC35F76-A927-412A-8379-51175989DA51}.Ad-Hoc|ARM.ActiveCfg = Release|iPhone
		{FBC35F76-A927-412A-8379-51175989DA51}.Ad-Hoc|ARM.Build.0 = Release|iPhone
		{FBC35F76-A927-412A-8379-51175989DA51}.Ad-Hoc|iPhone.ActiveCfg = Release|iPhone
		{FBC35F76-A927-412A-8379-51175989DA51}.Ad-Hoc|iPhone.Build.0 = Release|iPhone
		{FBC35F76-A927-412A-8379-51175989DA51}.Ad-Hoc|iPhoneSimulator.ActiveCfg = Release|iPhoneSimulator
		{FBC35F76-A927-412A-8379-51175989DA51}.Ad-Hoc|iPhoneSimulator.Build.0 = Release|iPhoneSimulator
		{FBC35F76-A927-412A-8379-51175989DA51}.Ad-Hoc|x64.ActiveCfg = Release|iPhone
		{FBC35F76-A927-412A-8379-51175989DA51}.Ad-Hoc|x64.Build.0 = Release|iPhone
		{FBC35F76-A927-412A-8379-51175989DA51}.Ad-Hoc|x86.ActiveCfg = Release|iPhone
		{FBC35F76-A927-412A-8379-51175989DA51}.Ad-Hoc|x86.Build.0 = Release|iPhone
		{FBC35F76-A927-412A-8379-51175989DA51}.AppStore|Any CPU.ActiveCfg = Release|iPhone
		{FBC35F76-A927-412A-8379-51175989DA51}.AppStore|Any CPU.Build.0 = Release|iPhone
		{FBC35F76-A927-412A-8379-51175989DA51}.AppStore|ARM.ActiveCfg = Release|iPhone
		{FBC35F76-A927-412A-8379-51175989DA51}.AppStore|ARM.Build.0 = Release|iPhone
		{FBC35F76-A927-412A-8379-51175989DA51}.AppStore|iPhone.ActiveCfg = Release|iPhone
		{FBC35F76-A927-412A-8379-51175989DA51}.AppStore|iPhone.Build.0 = Release|iPhone
		{FBC35F76-A927-412A-8379-51175989DA51}.AppStore|iPhoneSimulator.ActiveCfg = Release|iPhoneSimulator
		{FBC35F76-A927-412A-8379-51175989DA51}.AppStore|iPhoneSimulator.Build.0 = Release|iPhoneSimulator
		{FBC35F76-A927-412A-8379-51175989DA51}.AppStore|x64.ActiveCfg = Release|iPhone
		{FBC35F76-A927-412A-8379-51175989DA51}.AppStore|x64.Build.0 = Release|iPhone
		{FBC35F76-A927-412A-8379-51175989DA51}.AppStore|x86.ActiveCfg = Release|iPhone
		{FBC35F76-A927-412A-8379-51175989DA51}.AppStore|x86.Build.0 = Release|iPhone
		{FBC35F76-A927-412A-8379-51175989DA51}.Debug|Any CPU.ActiveCfg = Debug|iPhone
		{FBC35F76-A927-412A-8379-51175989DA51}.Debug|ARM.ActiveCfg = Debug|iPhone
		{FBC35F76-A927-412A-8379-51175989DA51}.Debug|iPhone.ActiveCfg = Debug|iPhone
		{FBC35F76-A927-412A-8379-51175989DA51}.Debug|iPhone.Build.0 = Debug|iPhone
		{FBC35F76-A927-412A-8379-51175989DA51}.Debug|iPhoneSimulator.ActiveCfg = Debug|iPhoneSimulator
		{FBC35F76-A927-412A-8379-51175989DA51}.Debug|iPhoneSimulator.Build.0 = Debug|iPhoneSimulator
		{FBC35F76-A927-412A-8379-51175989DA51}.Debug|x64.ActiveCfg = Debug|iPhone
		{FBC35F76-A927-412A-8379-51175989DA51}.Debug|x86.ActiveCfg = Debug|iPhone
		{FBC35F76-A927-412A-8379-51175989DA51}.Release|Any CPU.ActiveCfg = Release|iPhone
		{FBC35F76-A927-412A-8379-51175989DA51}.Release|ARM.ActiveCfg = Release|iPhone
		{FBC35F76-A927-412A-8379-51175989DA51}.Release|iPhone.ActiveCfg = Release|iPhone
		{FBC35F76-A927-412A-8379-51175989DA51}.Release|iPhone.Build.0 = Release|iPhone
		{FBC35F76-A927-412A-8379-51175989DA51}.Release|iPhoneSimulator.ActiveCfg = Release|iPhoneSimulator
		{FBC35F76-A927-412A-8379-51175989DA51}.Release|iPhoneSimulator.Build.0 = Release|iPhoneSimulator
		{FBC35F76-A927-412A-8379-51175989DA51}.Release|x64.ActiveCfg = Release|iPhone
		{FBC35F76-A927-412A-8379-51175989DA51}.Release|x86.ActiveCfg = Release|iPhone
		{5D71CE91-2EBE-406F-B2E6-76501AC4E50B}.Ad-Hoc|Any CPU.ActiveCfg = Debug|Any CPU
		{5D71CE91-2EBE-406F-B2E6-76501AC4E50B}.Ad-Hoc|Any CPU.Build.0 = Debug|Any CPU
		{5D71CE91-2EBE-406F-B2E6-76501AC4E50B}.Ad-Hoc|ARM.ActiveCfg = Debug|Any CPU
		{5D71CE91-2EBE-406F-B2E6-76501AC4E50B}.Ad-Hoc|ARM.Build.0 = Debug|Any CPU
		{5D71CE91-2EBE-406F-B2E6-76501AC4E50B}.Ad-Hoc|iPhone.ActiveCfg = Debug|Any CPU
		{5D71CE91-2EBE-406F-B2E6-76501AC4E50B}.Ad-Hoc|iPhone.Build.0 = Debug|Any CPU
		{5D71CE91-2EBE-406F-B2E6-76501AC4E50B}.Ad-Hoc|iPhoneSimulator.ActiveCfg = Debug|Any CPU
		{5D71CE91-2EBE-406F-B2E6-76501AC4E50B}.Ad-Hoc|iPhoneSimulator.Build.0 = Debug|Any CPU
		{5D71CE91-2EBE-406F-B2E6-76501AC4E50B}.Ad-Hoc|x64.ActiveCfg = Debug|Any CPU
		{5D71CE91-2EBE-406F-B2E6-76501AC4E50B}.Ad-Hoc|x64.Build.0 = Debug|Any CPU
		{5D71CE91-2EBE-406F-B2E6-76501AC4E50B}.Ad-Hoc|x86.ActiveCfg = Debug|Any CPU
		{5D71CE91-2EBE-406F-B2E6-76501AC4E50B}.Ad-Hoc|x86.Build.0 = Debug|Any CPU
		{5D71CE91-2EBE-406F-B2E6-76501AC4E50B}.AppStore|Any CPU.ActiveCfg = Debug|Any CPU
		{5D71CE91-2EBE-406F-B2E6-76501AC4E50B}.AppStore|Any CPU.Build.0 = Debug|Any CPU
		{5D71CE91-2EBE-406F-B2E6-76501AC4E50B}.AppStore|ARM.ActiveCfg = Debug|Any CPU
		{5D71CE91-2EBE-406F-B2E6-76501AC4E50B}.AppStore|ARM.Build.0 = Debug|Any CPU
		{5D71CE91-2EBE-406F-B2E6-76501AC4E50B}.AppStore|iPhone.ActiveCfg = Debug|Any CPU
		{5D71CE91-2EBE-406F-B2E6-76501AC4E50B}.AppStore|iPhone.Build.0 = Debug|Any CPU
		{5D71CE91-2EBE-406F-B2E6-76501AC4E50B}.AppStore|iPhoneSimulator.ActiveCfg = Debug|Any CPU
		{5D71CE91-2EBE-406F-B2E6-76501AC4E50B}.AppStore|iPhoneSimulator.Build.0 = Debug|Any CPU
		{5D71CE91-2EBE-406F-B2E6-76501AC4E50B}.AppStore|x64.ActiveCfg = Debug|Any CPU
		{5D71CE91-2EBE-406F-B2E6-76501AC4E50B}.AppStore|x64.Build.0 = Debug|Any CPU
		{5D71CE91-2EBE-406F-B2E6-76501AC4E50B}.AppStore|x86.ActiveCfg = Debug|Any CPU
		{5D71CE91-2EBE-406F-B2E6-76501AC4E50B}.AppStore|x86.Build.0 = Debug|Any CPU
		{5D71CE91-2EBE-406F-B2E6-76501AC4E50B}.Debug|Any CPU.ActiveCfg = Debug|Any CPU
		{5D71CE91-2EBE-406F-B2E6-76501AC4E50B}.Debug|Any CPU.Build.0 = Debug|Any CPU
		{5D71CE91-2EBE-406F-B2E6-76501AC4E50B}.Debug|ARM.ActiveCfg = Debug|Any CPU
		{5D71CE91-2EBE-406F-B2E6-76501AC4E50B}.Debug|ARM.Build.0 = Debug|Any CPU
		{5D71CE91-2EBE-406F-B2E6-76501AC4E50B}.Debug|iPhone.ActiveCfg = Debug|Any CPU
		{5D71CE91-2EBE-406F-B2E6-76501AC4E50B}.Debug|iPhone.Build.0 = Debug|Any CPU
		{5D71CE91-2EBE-406F-B2E6-76501AC4E50B}.Debug|iPhoneSimulator.ActiveCfg = Debug|Any CPU
		{5D71CE91-2EBE-406F-B2E6-76501AC4E50B}.Debug|iPhoneSimulator.Build.0 = Debug|Any CPU
		{5D71CE91-2EBE-406F-B2E6-76501AC4E50B}.Debug|x64.ActiveCfg = Debug|Any CPU
		{5D71CE91-2EBE-406F-B2E6-76501AC4E50B}.Debug|x64.Build.0 = Debug|Any CPU
		{5D71CE91-2EBE-406F-B2E6-76501AC4E50B}.Debug|x86.ActiveCfg = Debug|Any CPU
		{5D71CE91-2EBE-406F-B2E6-76501AC4E50B}.Debug|x86.Build.0 = Debug|Any CPU
		{5D71CE91-2EBE-406F-B2E6-76501AC4E50B}.Release|Any CPU.ActiveCfg = Release|Any CPU
		{5D71CE91-2EBE-406F-B2E6-76501AC4E50B}.Release|Any CPU.Build.0 = Release|Any CPU
		{5D71CE91-2EBE-406F-B2E6-76501AC4E50B}.Release|ARM.ActiveCfg = Release|Any CPU
		{5D71CE91-2EBE-406F-B2E6-76501AC4E50B}.Release|ARM.Build.0 = Release|Any CPU
		{5D71CE91-2EBE-406F-B2E6-76501AC4E50B}.Release|iPhone.ActiveCfg = Release|Any CPU
		{5D71CE91-2EBE-406F-B2E6-76501AC4E50B}.Release|iPhone.Build.0 = Release|Any CPU
		{5D71CE91-2EBE-406F-B2E6-76501AC4E50B}.Release|iPhoneSimulator.ActiveCfg = Release|Any CPU
		{5D71CE91-2EBE-406F-B2E6-76501AC4E50B}.Release|iPhoneSimulator.Build.0 = Release|Any CPU
		{5D71CE91-2EBE-406F-B2E6-76501AC4E50B}.Release|x64.ActiveCfg = Release|Any CPU
		{5D71CE91-2EBE-406F-B2E6-76501AC4E50B}.Release|x64.Build.0 = Release|Any CPU
		{5D71CE91-2EBE-406F-B2E6-76501AC4E50B}.Release|x86.ActiveCfg = Release|Any CPU
		{5D71CE91-2EBE-406F-B2E6-76501AC4E50B}.Release|x86.Build.0 = Release|Any CPU
		{B3850CE7-B779-4AA3-922A-285DB56DAB4B}.Ad-Hoc|Any CPU.ActiveCfg = Debug|Any CPU
		{B3850CE7-B779-4AA3-922A-285DB56DAB4B}.Ad-Hoc|Any CPU.Build.0 = Debug|Any CPU
		{B3850CE7-B779-4AA3-922A-285DB56DAB4B}.Ad-Hoc|ARM.ActiveCfg = Debug|Any CPU
		{B3850CE7-B779-4AA3-922A-285DB56DAB4B}.Ad-Hoc|ARM.Build.0 = Debug|Any CPU
		{B3850CE7-B779-4AA3-922A-285DB56DAB4B}.Ad-Hoc|iPhone.ActiveCfg = Debug|Any CPU
		{B3850CE7-B779-4AA3-922A-285DB56DAB4B}.Ad-Hoc|iPhone.Build.0 = Debug|Any CPU
		{B3850CE7-B779-4AA3-922A-285DB56DAB4B}.Ad-Hoc|iPhoneSimulator.ActiveCfg = Debug|Any CPU
		{B3850CE7-B779-4AA3-922A-285DB56DAB4B}.Ad-Hoc|iPhoneSimulator.Build.0 = Debug|Any CPU
		{B3850CE7-B779-4AA3-922A-285DB56DAB4B}.Ad-Hoc|x64.ActiveCfg = Debug|Any CPU
		{B3850CE7-B779-4AA3-922A-285DB56DAB4B}.Ad-Hoc|x64.Build.0 = Debug|Any CPU
		{B3850CE7-B779-4AA3-922A-285DB56DAB4B}.Ad-Hoc|x86.ActiveCfg = Debug|Any CPU
		{B3850CE7-B779-4AA3-922A-285DB56DAB4B}.Ad-Hoc|x86.Build.0 = Debug|Any CPU
		{B3850CE7-B779-4AA3-922A-285DB56DAB4B}.AppStore|Any CPU.ActiveCfg = Debug|Any CPU
		{B3850CE7-B779-4AA3-922A-285DB56DAB4B}.AppStore|Any CPU.Build.0 = Debug|Any CPU
		{B3850CE7-B779-4AA3-922A-285DB56DAB4B}.AppStore|ARM.ActiveCfg = Debug|Any CPU
		{B3850CE7-B779-4AA3-922A-285DB56DAB4B}.AppStore|ARM.Build.0 = Debug|Any CPU
		{B3850CE7-B779-4AA3-922A-285DB56DAB4B}.AppStore|iPhone.ActiveCfg = Debug|Any CPU
		{B3850CE7-B779-4AA3-922A-285DB56DAB4B}.AppStore|iPhone.Build.0 = Debug|Any CPU
		{B3850CE7-B779-4AA3-922A-285DB56DAB4B}.AppStore|iPhoneSimulator.ActiveCfg = Debug|Any CPU
		{B3850CE7-B779-4AA3-922A-285DB56DAB4B}.AppStore|iPhoneSimulator.Build.0 = Debug|Any CPU
		{B3850CE7-B779-4AA3-922A-285DB56DAB4B}.AppStore|x64.ActiveCfg = Debug|Any CPU
		{B3850CE7-B779-4AA3-922A-285DB56DAB4B}.AppStore|x64.Build.0 = Debug|Any CPU
		{B3850CE7-B779-4AA3-922A-285DB56DAB4B}.AppStore|x86.ActiveCfg = Debug|Any CPU
		{B3850CE7-B779-4AA3-922A-285DB56DAB4B}.AppStore|x86.Build.0 = Debug|Any CPU
		{B3850CE7-B779-4AA3-922A-285DB56DAB4B}.Debug|Any CPU.ActiveCfg = Debug|Any CPU
		{B3850CE7-B779-4AA3-922A-285DB56DAB4B}.Debug|Any CPU.Build.0 = Debug|Any CPU
		{B3850CE7-B779-4AA3-922A-285DB56DAB4B}.Debug|ARM.ActiveCfg = Debug|Any CPU
		{B3850CE7-B779-4AA3-922A-285DB56DAB4B}.Debug|ARM.Build.0 = Debug|Any CPU
		{B3850CE7-B779-4AA3-922A-285DB56DAB4B}.Debug|iPhone.ActiveCfg = Debug|Any CPU
		{B3850CE7-B779-4AA3-922A-285DB56DAB4B}.Debug|iPhone.Build.0 = Debug|Any CPU
		{B3850CE7-B779-4AA3-922A-285DB56DAB4B}.Debug|iPhoneSimulator.ActiveCfg = Debug|Any CPU
		{B3850CE7-B779-4AA3-922A-285DB56DAB4B}.Debug|iPhoneSimulator.Build.0 = Debug|Any CPU
		{B3850CE7-B779-4AA3-922A-285DB56DAB4B}.Debug|x64.ActiveCfg = Debug|Any CPU
		{B3850CE7-B779-4AA3-922A-285DB56DAB4B}.Debug|x64.Build.0 = Debug|Any CPU
		{B3850CE7-B779-4AA3-922A-285DB56DAB4B}.Debug|x86.ActiveCfg = Debug|Any CPU
		{B3850CE7-B779-4AA3-922A-285DB56DAB4B}.Debug|x86.Build.0 = Debug|Any CPU
		{B3850CE7-B779-4AA3-922A-285DB56DAB4B}.Release|Any CPU.ActiveCfg = Release|Any CPU
		{B3850CE7-B779-4AA3-922A-285DB56DAB4B}.Release|Any CPU.Build.0 = Release|Any CPU
		{B3850CE7-B779-4AA3-922A-285DB56DAB4B}.Release|ARM.ActiveCfg = Release|Any CPU
		{B3850CE7-B779-4AA3-922A-285DB56DAB4B}.Release|ARM.Build.0 = Release|Any CPU
		{B3850CE7-B779-4AA3-922A-285DB56DAB4B}.Release|iPhone.ActiveCfg = Release|Any CPU
		{B3850CE7-B779-4AA3-922A-285DB56DAB4B}.Release|iPhone.Build.0 = Release|Any CPU
		{B3850CE7-B779-4AA3-922A-285DB56DAB4B}.Release|iPhoneSimulator.ActiveCfg = Release|Any CPU
		{B3850CE7-B779-4AA3-922A-285DB56DAB4B}.Release|iPhoneSimulator.Build.0 = Release|Any CPU
		{B3850CE7-B779-4AA3-922A-285DB56DAB4B}.Release|x64.ActiveCfg = Release|Any CPU
		{B3850CE7-B779-4AA3-922A-285DB56DAB4B}.Release|x64.Build.0 = Release|Any CPU
		{B3850CE7-B779-4AA3-922A-285DB56DAB4B}.Release|x86.ActiveCfg = Release|Any CPU
		{B3850CE7-B779-4AA3-922A-285DB56DAB4B}.Release|x86.Build.0 = Release|Any CPU
	EndGlobalSection
	GlobalSection(SolutionProperties) = preSolution
		HideSolutionNode = FALSE
	EndGlobalSection
	GlobalSection(ExtensibilityGlobals) = postSolution
		SolutionGuid = {27858380-A018-45C3-9AC9-DFF63F0F5F2D}
	EndGlobalSection
EndGlobal
