
Microsoft Visual Studio Solution File, Format Version 12.00
# Visual Studio 15
VisualStudioVersion = 15.0.28307.489
MinimumVisualStudioVersion = 10.0.40219.1
Project("{FAE04EC0-301F-11D3-BF4B-00C04F79EFBC}") = "SolarApp.Android", "SolarApp\SolarApp.Android\SolarApp.Android.csproj", "{432C6CB2-ECCA-4296-B395-7462F6790D49}"
EndProject
Project("{FAE04EC0-301F-11D3-BF4B-00C04F79EFBC}") = "SolarApp.iOS", "SolarApp\SolarApp.iOS\SolarApp.iOS.csproj", "{D18E0F70-1DBF-4E4A-A85B-34B8B7A7D0A9}"
EndProject
Project("{FAE04EC0-301F-11D3-BF4B-00C04F79EFBC}") = "SolarApp.UWP", "SolarApp\SolarApp.UWP\SolarApp.UWP.csproj", "{207AC215-E4C3-47BE-B781-E0DC65E73179}"
EndProject
Project("{FAE04EC0-301F-11D3-BF4B-00C04F79EFBC}") = "SolarApp", "SolarApp\SolarApp\SolarApp.csproj", "{AAD3153B-5162-4ED9-8B2F-E62AAA054F42}"
EndProject
Project("{FAE04EC0-301F-11D3-BF4B-00C04F79EFBC}") = "Solar API", "Solar API\Solar API.csproj", "{F50D3651-D421-4CB0-B381-FF5DAC65430B}"
EndProject
Global
	GlobalSection(SolutionConfigurationPlatforms) = preSolution
		Ad-Hoc|Any CPU = Ad-Hoc|Any CPU
		Ad-Hoc|ARM = Ad-Hoc|ARM
		Ad-Hoc|iPhone = Ad-Hoc|iPhone
		Ad-Hoc|iPhoneSimulator = Ad-Hoc|iPhoneSimulator
		Ad-Hoc|x64 = Ad-Hoc|x64
		Ad-Hoc|x86 = Ad-Hoc|x86
		AppStore|Any CPU = AppStore|Any CPU
		AppStore|ARM = AppStore|ARM
		AppStore|iPhone = AppStore|iPhone
		AppStore|iPhoneSimulator = AppStore|iPhoneSimulator
		AppStore|x64 = AppStore|x64
		AppStore|x86 = AppStore|x86
		Debug|Any CPU = Debug|Any CPU
		Debug|ARM = Debug|ARM
		Debug|iPhone = Debug|iPhone
		Debug|iPhoneSimulator = Debug|iPhoneSimulator
		Debug|x64 = Debug|x64
		Debug|x86 = Debug|x86
		Release|Any CPU = Release|Any CPU
		Release|ARM = Release|ARM
		Release|iPhone = Release|iPhone
		Release|iPhoneSimulator = Release|iPhoneSimulator
		Release|x64 = Release|x64
		Release|x86 = Release|x86
	EndGlobalSection
	GlobalSection(ProjectConfigurationPlatforms) = postSolution
		{432C6CB2-ECCA-4296-B395-7462F6790D49}.Ad-Hoc|Any CPU.ActiveCfg = Release|Any CPU
		{432C6CB2-ECCA-4296-B395-7462F6790D49}.Ad-Hoc|Any CPU.Build.0 = Release|Any CPU
		{432C6CB2-ECCA-4296-B395-7462F6790D49}.Ad-Hoc|Any CPU.Deploy.0 = Release|Any CPU
		{432C6CB2-ECCA-4296-B395-7462F6790D49}.Ad-Hoc|ARM.ActiveCfg = Release|Any CPU
		{432C6CB2-ECCA-4296-B395-7462F6790D49}.Ad-Hoc|ARM.Build.0 = Release|Any CPU
		{432C6CB2-ECCA-4296-B395-7462F6790D49}.Ad-Hoc|ARM.Deploy.0 = Release|Any CPU
		{432C6CB2-ECCA-4296-B395-7462F6790D49}.Ad-Hoc|iPhone.ActiveCfg = Release|Any CPU
		{432C6CB2-ECCA-4296-B395-7462F6790D49}.Ad-Hoc|iPhone.Build.0 = Release|Any CPU
		{432C6CB2-ECCA-4296-B395-7462F6790D49}.Ad-Hoc|iPhone.Deploy.0 = Release|Any CPU
		{432C6CB2-ECCA-4296-B395-7462F6790D49}.Ad-Hoc|iPhoneSimulator.ActiveCfg = Release|Any CPU
		{432C6CB2-ECCA-4296-B395-7462F6790D49}.Ad-Hoc|iPhoneSimulator.Build.0 = Release|Any CPU
		{432C6CB2-ECCA-4296-B395-7462F6790D49}.Ad-Hoc|iPhoneSimulator.Deploy.0 = Release|Any CPU
		{432C6CB2-ECCA-4296-B395-7462F6790D49}.Ad-Hoc|x64.ActiveCfg = Release|Any CPU
		{432C6CB2-ECCA-4296-B395-7462F6790D49}.Ad-Hoc|x64.Build.0 = Release|Any CPU
		{432C6CB2-ECCA-4296-B395-7462F6790D49}.Ad-Hoc|x64.Deploy.0 = Release|Any CPU
		{432C6CB2-ECCA-4296-B395-7462F6790D49}.Ad-Hoc|x86.ActiveCfg = Release|Any CPU
		{432C6CB2-ECCA-4296-B395-7462F6790D49}.Ad-Hoc|x86.Build.0 = Release|Any CPU
		{432C6CB2-ECCA-4296-B395-7462F6790D49}.Ad-Hoc|x86.Deploy.0 = Release|Any CPU
		{432C6CB2-ECCA-4296-B395-7462F6790D49}.AppStore|Any CPU.ActiveCfg = Release|Any CPU
		{432C6CB2-ECCA-4296-B395-7462F6790D49}.AppStore|Any CPU.Build.0 = Release|Any CPU
		{432C6CB2-ECCA-4296-B395-7462F6790D49}.AppStore|Any CPU.Deploy.0 = Release|Any CPU
		{432C6CB2-ECCA-4296-B395-7462F6790D49}.AppStore|ARM.ActiveCfg = Release|Any CPU
		{432C6CB2-ECCA-4296-B395-7462F6790D49}.AppStore|ARM.Build.0 = Release|Any CPU
		{432C6CB2-ECCA-4296-B395-7462F6790D49}.AppStore|ARM.Deploy.0 = Release|Any CPU
		{432C6CB2-ECCA-4296-B395-7462F6790D49}.AppStore|iPhone.ActiveCfg = Release|Any CPU
		{432C6CB2-ECCA-4296-B395-7462F6790D49}.AppStore|iPhone.Build.0 = Release|Any CPU
		{432C6CB2-ECCA-4296-B395-7462F6790D49}.AppStore|iPhone.Deploy.0 = Release|Any CPU
		{432C6CB2-ECCA-4296-B395-7462F6790D49}.AppStore|iPhoneSimulator.ActiveCfg = Release|Any CPU
		{432C6CB2-ECCA-4296-B395-7462F6790D49}.AppStore|iPhoneSimulator.Build.0 = Release|Any CPU
		{432C6CB2-ECCA-4296-B395-7462F6790D49}.AppStore|iPhoneSimulator.Deploy.0 = Release|Any CPU
		{432C6CB2-ECCA-4296-B395-7462F6790D49}.AppStore|x64.ActiveCfg = Release|Any CPU
		{432C6CB2-ECCA-4296-B395-7462F6790D49}.AppStore|x64.Build.0 = Release|Any CPU
		{432C6CB2-ECCA-4296-B395-7462F6790D49}.AppStore|x64.Deploy.0 = Release|Any CPU
		{432C6CB2-ECCA-4296-B395-7462F6790D49}.AppStore|x86.ActiveCfg = Release|Any CPU
		{432C6CB2-ECCA-4296-B395-7462F6790D49}.AppStore|x86.Build.0 = Release|Any CPU
		{432C6CB2-ECCA-4296-B395-7462F6790D49}.AppStore|x86.Deploy.0 = Release|Any CPU
		{432C6CB2-ECCA-4296-B395-7462F6790D49}.Debug|Any CPU.ActiveCfg = Debug|Any CPU
		{432C6CB2-ECCA-4296-B395-7462F6790D49}.Debug|Any CPU.Build.0 = Debug|Any CPU
		{432C6CB2-ECCA-4296-B395-7462F6790D49}.Debug|Any CPU.Deploy.0 = Debug|Any CPU
		{432C6CB2-ECCA-4296-B395-7462F6790D49}.Debug|ARM.ActiveCfg = Debug|Any CPU
		{432C6CB2-ECCA-4296-B395-7462F6790D49}.Debug|ARM.Build.0 = Debug|Any CPU
		{432C6CB2-ECCA-4296-B395-7462F6790D49}.Debug|ARM.Deploy.0 = Debug|Any CPU
		{432C6CB2-ECCA-4296-B395-7462F6790D49}.Debug|iPhone.ActiveCfg = Debug|Any CPU
		{432C6CB2-ECCA-4296-B395-7462F6790D49}.Debug|iPhone.Build.0 = Debug|Any CPU
		{432C6CB2-ECCA-4296-B395-7462F6790D49}.Debug|iPhone.Deploy.0 = Debug|Any CPU
		{432C6CB2-ECCA-4296-B395-7462F6790D49}.Debug|iPhoneSimulator.ActiveCfg = Debug|Any CPU
		{432C6CB2-ECCA-4296-B395-7462F6790D49}.Debug|iPhoneSimulator.Build.0 = Debug|Any CPU
		{432C6CB2-ECCA-4296-B395-7462F6790D49}.Debug|iPhoneSimulator.Deploy.0 = Debug|Any CPU
		{432C6CB2-ECCA-4296-B395-7462F6790D49}.Debug|x64.ActiveCfg = Debug|Any CPU
		{432C6CB2-ECCA-4296-B395-7462F6790D49}.Debug|x64.Build.0 = Debug|Any CPU
		{432C6CB2-ECCA-4296-B395-7462F6790D49}.Debug|x64.Deploy.0 = Debug|Any CPU
		{432C6CB2-ECCA-4296-B395-7462F6790D49}.Debug|x86.ActiveCfg = Debug|Any CPU
		{432C6CB2-ECCA-4296-B395-7462F6790D49}.Debug|x86.Build.0 = Debug|Any CPU
		{432C6CB2-ECCA-4296-B395-7462F6790D49}.Debug|x86.Deploy.0 = Debug|Any CPU
		{432C6CB2-ECCA-4296-B395-7462F6790D49}.Release|Any CPU.ActiveCfg = Release|Any CPU
		{432C6CB2-ECCA-4296-B395-7462F6790D49}.Release|Any CPU.Build.0 = Release|Any CPU
		{432C6CB2-ECCA-4296-B395-7462F6790D49}.Release|Any CPU.Deploy.0 = Release|Any CPU
		{432C6CB2-ECCA-4296-B395-7462F6790D49}.Release|ARM.ActiveCfg = Release|Any CPU
		{432C6CB2-ECCA-4296-B395-7462F6790D49}.Release|ARM.Build.0 = Release|Any CPU
		{432C6CB2-ECCA-4296-B395-7462F6790D49}.Release|ARM.Deploy.0 = Release|Any CPU
		{432C6CB2-ECCA-4296-B395-7462F6790D49}.Release|iPhone.ActiveCfg = Release|Any CPU
		{432C6CB2-ECCA-4296-B395-7462F6790D49}.Release|iPhone.Build.0 = Release|Any CPU
		{432C6CB2-ECCA-4296-B395-7462F6790D49}.Release|iPhone.Deploy.0 = Release|Any CPU
		{432C6CB2-ECCA-4296-B395-7462F6790D49}.Release|iPhoneSimulator.ActiveCfg = Release|Any CPU
		{432C6CB2-ECCA-4296-B395-7462F6790D49}.Release|iPhoneSimulator.Build.0 = Release|Any CPU
		{432C6CB2-ECCA-4296-B395-7462F6790D49}.Release|iPhoneSimulator.Deploy.0 = Release|Any CPU
		{432C6CB2-ECCA-4296-B395-7462F6790D49}.Release|x64.ActiveCfg = Release|Any CPU
		{432C6CB2-ECCA-4296-B395-7462F6790D49}.Release|x64.Build.0 = Release|Any CPU
		{432C6CB2-ECCA-4296-B395-7462F6790D49}.Release|x64.Deploy.0 = Release|Any CPU
		{432C6CB2-ECCA-4296-B395-7462F6790D49}.Release|x86.ActiveCfg = Release|Any CPU
		{432C6CB2-ECCA-4296-B395-7462F6790D49}.Release|x86.Build.0 = Release|Any CPU
		{432C6CB2-ECCA-4296-B395-7462F6790D49}.Release|x86.Deploy.0 = Release|Any CPU
		{D18E0F70-1DBF-4E4A-A85B-34B8B7A7D0A9}.Ad-Hoc|Any CPU.ActiveCfg = Ad-Hoc|iPhone
		{D18E0F70-1DBF-4E4A-A85B-34B8B7A7D0A9}.Ad-Hoc|Any CPU.Build.0 = Ad-Hoc|iPhone
		{D18E0F70-1DBF-4E4A-A85B-34B8B7A7D0A9}.Ad-Hoc|Any CPU.Deploy.0 = Ad-Hoc|iPhone
		{D18E0F70-1DBF-4E4A-A85B-34B8B7A7D0A9}.Ad-Hoc|ARM.ActiveCfg = Ad-Hoc|iPhone
		{D18E0F70-1DBF-4E4A-A85B-34B8B7A7D0A9}.Ad-Hoc|ARM.Build.0 = Ad-Hoc|iPhone
		{D18E0F70-1DBF-4E4A-A85B-34B8B7A7D0A9}.Ad-Hoc|ARM.Deploy.0 = Ad-Hoc|iPhone
		{D18E0F70-1DBF-4E4A-A85B-34B8B7A7D0A9}.Ad-Hoc|iPhone.ActiveCfg = Ad-Hoc|iPhone
		{D18E0F70-1DBF-4E4A-A85B-34B8B7A7D0A9}.Ad-Hoc|iPhone.Build.0 = Ad-Hoc|iPhone
		{D18E0F70-1DBF-4E4A-A85B-34B8B7A7D0A9}.Ad-Hoc|iPhone.Deploy.0 = Ad-Hoc|iPhone
		{D18E0F70-1DBF-4E4A-A85B-34B8B7A7D0A9}.Ad-Hoc|iPhoneSimulator.ActiveCfg = Ad-Hoc|iPhoneSimulator
		{D18E0F70-1DBF-4E4A-A85B-34B8B7A7D0A9}.Ad-Hoc|iPhoneSimulator.Build.0 = Ad-Hoc|iPhoneSimulator
		{D18E0F70-1DBF-4E4A-A85B-34B8B7A7D0A9}.Ad-Hoc|iPhoneSimulator.Deploy.0 = Ad-Hoc|iPhoneSimulator
		{D18E0F70-1DBF-4E4A-A85B-34B8B7A7D0A9}.Ad-Hoc|x64.ActiveCfg = Ad-Hoc|iPhone
		{D18E0F70-1DBF-4E4A-A85B-34B8B7A7D0A9}.Ad-Hoc|x64.Build.0 = Ad-Hoc|iPhone
		{D18E0F70-1DBF-4E4A-A85B-34B8B7A7D0A9}.Ad-Hoc|x64.Deploy.0 = Ad-Hoc|iPhone
		{D18E0F70-1DBF-4E4A-A85B-34B8B7A7D0A9}.Ad-Hoc|x86.ActiveCfg = Ad-Hoc|iPhone
		{D18E0F70-1DBF-4E4A-A85B-34B8B7A7D0A9}.Ad-Hoc|x86.Build.0 = Ad-Hoc|iPhone
		{D18E0F70-1DBF-4E4A-A85B-34B8B7A7D0A9}.Ad-Hoc|x86.Deploy.0 = Ad-Hoc|iPhone
		{D18E0F70-1DBF-4E4A-A85B-34B8B7A7D0A9}.AppStore|Any CPU.ActiveCfg = AppStore|iPhone
		{D18E0F70-1DBF-4E4A-A85B-34B8B7A7D0A9}.AppStore|Any CPU.Build.0 = AppStore|iPhone
		{D18E0F70-1DBF-4E4A-A85B-34B8B7A7D0A9}.AppStore|Any CPU.Deploy.0 = AppStore|iPhone
		{D18E0F70-1DBF-4E4A-A85B-34B8B7A7D0A9}.AppStore|ARM.ActiveCfg = AppStore|iPhone
		{D18E0F70-1DBF-4E4A-A85B-34B8B7A7D0A9}.AppStore|ARM.Build.0 = AppStore|iPhone
		{D18E0F70-1DBF-4E4A-A85B-34B8B7A7D0A9}.AppStore|ARM.Deploy.0 = AppStore|iPhone
		{D18E0F70-1DBF-4E4A-A85B-34B8B7A7D0A9}.AppStore|iPhone.ActiveCfg = AppStore|iPhone
		{D18E0F70-1DBF-4E4A-A85B-34B8B7A7D0A9}.AppStore|iPhone.Build.0 = AppStore|iPhone
		{D18E0F70-1DBF-4E4A-A85B-34B8B7A7D0A9}.AppStore|iPhone.Deploy.0 = AppStore|iPhone
		{D18E0F70-1DBF-4E4A-A85B-34B8B7A7D0A9}.AppStore|iPhoneSimulator.ActiveCfg = AppStore|iPhoneSimulator
		{D18E0F70-1DBF-4E4A-A85B-34B8B7A7D0A9}.AppStore|iPhoneSimulator.Build.0 = AppStore|iPhoneSimulator
		{D18E0F70-1DBF-4E4A-A85B-34B8B7A7D0A9}.AppStore|iPhoneSimulator.Deploy.0 = AppStore|iPhoneSimulator
		{D18E0F70-1DBF-4E4A-A85B-34B8B7A7D0A9}.AppStore|x64.ActiveCfg = AppStore|iPhone
		{D18E0F70-1DBF-4E4A-A85B-34B8B7A7D0A9}.AppStore|x64.Build.0 = AppStore|iPhone
		{D18E0F70-1DBF-4E4A-A85B-34B8B7A7D0A9}.AppStore|x64.Deploy.0 = AppStore|iPhone
		{D18E0F70-1DBF-4E4A-A85B-34B8B7A7D0A9}.AppStore|x86.ActiveCfg = AppStore|iPhone
		{D18E0F70-1DBF-4E4A-A85B-34B8B7A7D0A9}.AppStore|x86.Build.0 = AppStore|iPhone
		{D18E0F70-1DBF-4E4A-A85B-34B8B7A7D0A9}.AppStore|x86.Deploy.0 = AppStore|iPhone
		{D18E0F70-1DBF-4E4A-A85B-34B8B7A7D0A9}.Debug|Any CPU.ActiveCfg = Debug|iPhoneSimulator
		{D18E0F70-1DBF-4E4A-A85B-34B8B7A7D0A9}.Debug|Any CPU.Build.0 = Debug|iPhoneSimulator
		{D18E0F70-1DBF-4E4A-A85B-34B8B7A7D0A9}.Debug|Any CPU.Deploy.0 = Debug|iPhoneSimulator
		{D18E0F70-1DBF-4E4A-A85B-34B8B7A7D0A9}.Debug|ARM.ActiveCfg = Debug|iPhone
		{D18E0F70-1DBF-4E4A-A85B-34B8B7A7D0A9}.Debug|ARM.Build.0 = Debug|iPhone
		{D18E0F70-1DBF-4E4A-A85B-34B8B7A7D0A9}.Debug|ARM.Deploy.0 = Debug|iPhone
		{D18E0F70-1DBF-4E4A-A85B-34B8B7A7D0A9}.Debug|iPhone.ActiveCfg = Debug|iPhone
		{D18E0F70-1DBF-4E4A-A85B-34B8B7A7D0A9}.Debug|iPhone.Build.0 = Debug|iPhone
		{D18E0F70-1DBF-4E4A-A85B-34B8B7A7D0A9}.Debug|iPhone.Deploy.0 = Debug|iPhone
		{D18E0F70-1DBF-4E4A-A85B-34B8B7A7D0A9}.Debug|iPhoneSimulator.ActiveCfg = Debug|iPhoneSimulator
		{D18E0F70-1DBF-4E4A-A85B-34B8B7A7D0A9}.Debug|iPhoneSimulator.Build.0 = Debug|iPhoneSimulator
		{D18E0F70-1DBF-4E4A-A85B-34B8B7A7D0A9}.Debug|iPhoneSimulator.Deploy.0 = Debug|iPhoneSimulator
		{D18E0F70-1DBF-4E4A-A85B-34B8B7A7D0A9}.Debug|x64.ActiveCfg = Debug|iPhone
		{D18E0F70-1DBF-4E4A-A85B-34B8B7A7D0A9}.Debug|x64.Build.0 = Debug|iPhone
		{D18E0F70-1DBF-4E4A-A85B-34B8B7A7D0A9}.Debug|x64.Deploy.0 = Debug|iPhone
		{D18E0F70-1DBF-4E4A-A85B-34B8B7A7D0A9}.Debug|x86.ActiveCfg = Debug|iPhone
		{D18E0F70-1DBF-4E4A-A85B-34B8B7A7D0A9}.Debug|x86.Build.0 = Debug|iPhone
		{D18E0F70-1DBF-4E4A-A85B-34B8B7A7D0A9}.Debug|x86.Deploy.0 = Debug|iPhone
		{D18E0F70-1DBF-4E4A-A85B-34B8B7A7D0A9}.Release|Any CPU.ActiveCfg = Release|iPhone
		{D18E0F70-1DBF-4E4A-A85B-34B8B7A7D0A9}.Release|Any CPU.Build.0 = Release|iPhone
		{D18E0F70-1DBF-4E4A-A85B-34B8B7A7D0A9}.Release|Any CPU.Deploy.0 = Release|iPhone
		{D18E0F70-1DBF-4E4A-A85B-34B8B7A7D0A9}.Release|ARM.ActiveCfg = Release|iPhone
		{D18E0F70-1DBF-4E4A-A85B-34B8B7A7D0A9}.Release|ARM.Build.0 = Release|iPhone
		{D18E0F70-1DBF-4E4A-A85B-34B8B7A7D0A9}.Release|ARM.Deploy.0 = Release|iPhone
		{D18E0F70-1DBF-4E4A-A85B-34B8B7A7D0A9}.Release|iPhone.ActiveCfg = Release|iPhone
		{D18E0F70-1DBF-4E4A-A85B-34B8B7A7D0A9}.Release|iPhone.Build.0 = Release|iPhone
		{D18E0F70-1DBF-4E4A-A85B-34B8B7A7D0A9}.Release|iPhone.Deploy.0 = Release|iPhone
		{D18E0F70-1DBF-4E4A-A85B-34B8B7A7D0A9}.Release|iPhoneSimulator.ActiveCfg = Release|iPhoneSimulator
		{D18E0F70-1DBF-4E4A-A85B-34B8B7A7D0A9}.Release|iPhoneSimulator.Build.0 = Release|iPhoneSimulator
		{D18E0F70-1DBF-4E4A-A85B-34B8B7A7D0A9}.Release|iPhoneSimulator.Deploy.0 = Release|iPhoneSimulator
		{D18E0F70-1DBF-4E4A-A85B-34B8B7A7D0A9}.Release|x64.ActiveCfg = Release|iPhone
		{D18E0F70-1DBF-4E4A-A85B-34B8B7A7D0A9}.Release|x64.Build.0 = Release|iPhone
		{D18E0F70-1DBF-4E4A-A85B-34B8B7A7D0A9}.Release|x64.Deploy.0 = Release|iPhone
		{D18E0F70-1DBF-4E4A-A85B-34B8B7A7D0A9}.Release|x86.ActiveCfg = Release|iPhone
		{D18E0F70-1DBF-4E4A-A85B-34B8B7A7D0A9}.Release|x86.Build.0 = Release|iPhone
		{D18E0F70-1DBF-4E4A-A85B-34B8B7A7D0A9}.Release|x86.Deploy.0 = Release|iPhone
		{207AC215-E4C3-47BE-B781-E0DC65E73179}.Ad-Hoc|Any CPU.ActiveCfg = Release|x86
		{207AC215-E4C3-47BE-B781-E0DC65E73179}.Ad-Hoc|Any CPU.Build.0 = Release|x86
		{207AC215-E4C3-47BE-B781-E0DC65E73179}.Ad-Hoc|Any CPU.Deploy.0 = Release|x86
		{207AC215-E4C3-47BE-B781-E0DC65E73179}.Ad-Hoc|ARM.ActiveCfg = Release|ARM
		{207AC215-E4C3-47BE-B781-E0DC65E73179}.Ad-Hoc|ARM.Build.0 = Release|ARM
		{207AC215-E4C3-47BE-B781-E0DC65E73179}.Ad-Hoc|ARM.Deploy.0 = Release|ARM
		{207AC215-E4C3-47BE-B781-E0DC65E73179}.Ad-Hoc|iPhone.ActiveCfg = Release|x86
		{207AC215-E4C3-47BE-B781-E0DC65E73179}.Ad-Hoc|iPhone.Build.0 = Release|x86
		{207AC215-E4C3-47BE-B781-E0DC65E73179}.Ad-Hoc|iPhone.Deploy.0 = Release|x86
		{207AC215-E4C3-47BE-B781-E0DC65E73179}.Ad-Hoc|iPhoneSimulator.ActiveCfg = Release|x86
		{207AC215-E4C3-47BE-B781-E0DC65E73179}.Ad-Hoc|iPhoneSimulator.Build.0 = Release|x86
		{207AC215-E4C3-47BE-B781-E0DC65E73179}.Ad-Hoc|iPhoneSimulator.Deploy.0 = Release|x86
		{207AC215-E4C3-47BE-B781-E0DC65E73179}.Ad-Hoc|x64.ActiveCfg = Release|x64
		{207AC215-E4C3-47BE-B781-E0DC65E73179}.Ad-Hoc|x64.Build.0 = Release|x64
		{207AC215-E4C3-47BE-B781-E0DC65E73179}.Ad-Hoc|x64.Deploy.0 = Release|x64
		{207AC215-E4C3-47BE-B781-E0DC65E73179}.Ad-Hoc|x86.ActiveCfg = Release|x86
		{207AC215-E4C3-47BE-B781-E0DC65E73179}.Ad-Hoc|x86.Build.0 = Release|x86
		{207AC215-E4C3-47BE-B781-E0DC65E73179}.Ad-Hoc|x86.Deploy.0 = Release|x86
		{207AC215-E4C3-47BE-B781-E0DC65E73179}.AppStore|Any CPU.ActiveCfg = Release|x86
		{207AC215-E4C3-47BE-B781-E0DC65E73179}.AppStore|Any CPU.Build.0 = Release|x86
		{207AC215-E4C3-47BE-B781-E0DC65E73179}.AppStore|Any CPU.Deploy.0 = Release|x86
		{207AC215-E4C3-47BE-B781-E0DC65E73179}.AppStore|ARM.ActiveCfg = Release|ARM
		{207AC215-E4C3-47BE-B781-E0DC65E73179}.AppStore|ARM.Build.0 = Release|ARM
		{207AC215-E4C3-47BE-B781-E0DC65E73179}.AppStore|ARM.Deploy.0 = Release|ARM
		{207AC215-E4C3-47BE-B781-E0DC65E73179}.AppStore|iPhone.ActiveCfg = Release|x86
		{207AC215-E4C3-47BE-B781-E0DC65E73179}.AppStore|iPhone.Build.0 = Release|x86
		{207AC215-E4C3-47BE-B781-E0DC65E73179}.AppStore|iPhone.Deploy.0 = Release|x86
		{207AC215-E4C3-47BE-B781-E0DC65E73179}.AppStore|iPhoneSimulator.ActiveCfg = Release|x86
		{207AC215-E4C3-47BE-B781-E0DC65E73179}.AppStore|iPhoneSimulator.Build.0 = Release|x86
		{207AC215-E4C3-47BE-B781-E0DC65E73179}.AppStore|iPhoneSimulator.Deploy.0 = Release|x86
		{207AC215-E4C3-47BE-B781-E0DC65E73179}.AppStore|x64.ActiveCfg = Release|x64
		{207AC215-E4C3-47BE-B781-E0DC65E73179}.AppStore|x64.Build.0 = Release|x64
		{207AC215-E4C3-47BE-B781-E0DC65E73179}.AppStore|x64.Deploy.0 = Release|x64
		{207AC215-E4C3-47BE-B781-E0DC65E73179}.AppStore|x86.ActiveCfg = Release|x86
		{207AC215-E4C3-47BE-B781-E0DC65E73179}.AppStore|x86.Build.0 = Release|x86
		{207AC215-E4C3-47BE-B781-E0DC65E73179}.AppStore|x86.Deploy.0 = Release|x86
		{207AC215-E4C3-47BE-B781-E0DC65E73179}.Debug|Any CPU.ActiveCfg = Debug|x86
		{207AC215-E4C3-47BE-B781-E0DC65E73179}.Debug|Any CPU.Build.0 = Debug|x86
		{207AC215-E4C3-47BE-B781-E0DC65E73179}.Debug|Any CPU.Deploy.0 = Debug|x86
		{207AC215-E4C3-47BE-B781-E0DC65E73179}.Debug|ARM.ActiveCfg = Debug|ARM
		{207AC215-E4C3-47BE-B781-E0DC65E73179}.Debug|ARM.Build.0 = Debug|ARM
		{207AC215-E4C3-47BE-B781-E0DC65E73179}.Debug|ARM.Deploy.0 = Debug|ARM
		{207AC215-E4C3-47BE-B781-E0DC65E73179}.Debug|iPhone.ActiveCfg = Debug|x86
		{207AC215-E4C3-47BE-B781-E0DC65E73179}.Debug|iPhone.Build.0 = Debug|x86
		{207AC215-E4C3-47BE-B781-E0DC65E73179}.Debug|iPhone.Deploy.0 = Debug|x86
		{207AC215-E4C3-47BE-B781-E0DC65E73179}.Debug|iPhoneSimulator.ActiveCfg = Debug|x86
		{207AC215-E4C3-47BE-B781-E0DC65E73179}.Debug|iPhoneSimulator.Build.0 = Debug|x86
		{207AC215-E4C3-47BE-B781-E0DC65E73179}.Debug|iPhoneSimulator.Deploy.0 = Debug|x86
		{207AC215-E4C3-47BE-B781-E0DC65E73179}.Debug|x64.ActiveCfg = Debug|x64
		{207AC215-E4C3-47BE-B781-E0DC65E73179}.Debug|x64.Build.0 = Debug|x64
		{207AC215-E4C3-47BE-B781-E0DC65E73179}.Debug|x64.Deploy.0 = Debug|x64
		{207AC215-E4C3-47BE-B781-E0DC65E73179}.Debug|x86.ActiveCfg = Debug|x86
		{207AC215-E4C3-47BE-B781-E0DC65E73179}.Debug|x86.Build.0 = Debug|x86
		{207AC215-E4C3-47BE-B781-E0DC65E73179}.Debug|x86.Deploy.0 = Debug|x86
		{207AC215-E4C3-47BE-B781-E0DC65E73179}.Release|Any CPU.ActiveCfg = Release|x86
		{207AC215-E4C3-47BE-B781-E0DC65E73179}.Release|Any CPU.Build.0 = Release|x86
		{207AC215-E4C3-47BE-B781-E0DC65E73179}.Release|Any CPU.Deploy.0 = Release|x86
		{207AC215-E4C3-47BE-B781-E0DC65E73179}.Release|ARM.ActiveCfg = Release|ARM
		{207AC215-E4C3-47BE-B781-E0DC65E73179}.Release|ARM.Build.0 = Release|ARM
		{207AC215-E4C3-47BE-B781-E0DC65E73179}.Release|ARM.Deploy.0 = Release|ARM
		{207AC215-E4C3-47BE-B781-E0DC65E73179}.Release|iPhone.ActiveCfg = Release|x86
		{207AC215-E4C3-47BE-B781-E0DC65E73179}.Release|iPhone.Build.0 = Release|x86
		{207AC215-E4C3-47BE-B781-E0DC65E73179}.Release|iPhone.Deploy.0 = Release|x86
		{207AC215-E4C3-47BE-B781-E0DC65E73179}.Release|iPhoneSimulator.ActiveCfg = Release|x86
		{207AC215-E4C3-47BE-B781-E0DC65E73179}.Release|iPhoneSimulator.Build.0 = Release|x86
		{207AC215-E4C3-47BE-B781-E0DC65E73179}.Release|iPhoneSimulator.Deploy.0 = Release|x86
		{207AC215-E4C3-47BE-B781-E0DC65E73179}.Release|x64.ActiveCfg = Release|x64
		{207AC215-E4C3-47BE-B781-E0DC65E73179}.Release|x64.Build.0 = Release|x64
		{207AC215-E4C3-47BE-B781-E0DC65E73179}.Release|x64.Deploy.0 = Release|x64
		{207AC215-E4C3-47BE-B781-E0DC65E73179}.Release|x86.ActiveCfg = Release|x86
		{207AC215-E4C3-47BE-B781-E0DC65E73179}.Release|x86.Build.0 = Release|x86
		{207AC215-E4C3-47BE-B781-E0DC65E73179}.Release|x86.Deploy.0 = Release|x86
		{AAD3153B-5162-4ED9-8B2F-E62AAA054F42}.Ad-Hoc|Any CPU.ActiveCfg = Debug|Any CPU
		{AAD3153B-5162-4ED9-8B2F-E62AAA054F42}.Ad-Hoc|Any CPU.Build.0 = Debug|Any CPU
		{AAD3153B-5162-4ED9-8B2F-E62AAA054F42}.Ad-Hoc|Any CPU.Deploy.0 = Debug|Any CPU
		{AAD3153B-5162-4ED9-8B2F-E62AAA054F42}.Ad-Hoc|ARM.ActiveCfg = Debug|Any CPU
		{AAD3153B-5162-4ED9-8B2F-E62AAA054F42}.Ad-Hoc|ARM.Build.0 = Debug|Any CPU
		{AAD3153B-5162-4ED9-8B2F-E62AAA054F42}.Ad-Hoc|ARM.Deploy.0 = Debug|Any CPU
		{AAD3153B-5162-4ED9-8B2F-E62AAA054F42}.Ad-Hoc|iPhone.ActiveCfg = Debug|Any CPU
		{AAD3153B-5162-4ED9-8B2F-E62AAA054F42}.Ad-Hoc|iPhone.Build.0 = Debug|Any CPU
		{AAD3153B-5162-4ED9-8B2F-E62AAA054F42}.Ad-Hoc|iPhone.Deploy.0 = Debug|Any CPU
		{AAD3153B-5162-4ED9-8B2F-E62AAA054F42}.Ad-Hoc|iPhoneSimulator.ActiveCfg = Debug|Any CPU
		{AAD3153B-5162-4ED9-8B2F-E62AAA054F42}.Ad-Hoc|iPhoneSimulator.Build.0 = Debug|Any CPU
		{AAD3153B-5162-4ED9-8B2F-E62AAA054F42}.Ad-Hoc|iPhoneSimulator.Deploy.0 = Debug|Any CPU
		{AAD3153B-5162-4ED9-8B2F-E62AAA054F42}.Ad-Hoc|x64.ActiveCfg = Debug|Any CPU
		{AAD3153B-5162-4ED9-8B2F-E62AAA054F42}.Ad-Hoc|x64.Build.0 = Debug|Any CPU
		{AAD3153B-5162-4ED9-8B2F-E62AAA054F42}.Ad-Hoc|x64.Deploy.0 = Debug|Any CPU
		{AAD3153B-5162-4ED9-8B2F-E62AAA054F42}.Ad-Hoc|x86.ActiveCfg = Debug|Any CPU
		{AAD3153B-5162-4ED9-8B2F-E62AAA054F42}.Ad-Hoc|x86.Build.0 = Debug|Any CPU
		{AAD3153B-5162-4ED9-8B2F-E62AAA054F42}.Ad-Hoc|x86.Deploy.0 = Debug|Any CPU
		{AAD3153B-5162-4ED9-8B2F-E62AAA054F42}.AppStore|Any CPU.ActiveCfg = Debug|Any CPU
		{AAD3153B-5162-4ED9-8B2F-E62AAA054F42}.AppStore|Any CPU.Build.0 = Debug|Any CPU
		{AAD3153B-5162-4ED9-8B2F-E62AAA054F42}.AppStore|Any CPU.Deploy.0 = Debug|Any CPU
		{AAD3153B-5162-4ED9-8B2F-E62AAA054F42}.AppStore|ARM.ActiveCfg = Debug|Any CPU
		{AAD3153B-5162-4ED9-8B2F-E62AAA054F42}.AppStore|ARM.Build.0 = Debug|Any CPU
		{AAD3153B-5162-4ED9-8B2F-E62AAA054F42}.AppStore|ARM.Deploy.0 = Debug|Any CPU
		{AAD3153B-5162-4ED9-8B2F-E62AAA054F42}.AppStore|iPhone.ActiveCfg = Debug|Any CPU
		{AAD3153B-5162-4ED9-8B2F-E62AAA054F42}.AppStore|iPhone.Build.0 = Debug|Any CPU
		{AAD3153B-5162-4ED9-8B2F-E62AAA054F42}.AppStore|iPhone.Deploy.0 = Debug|Any CPU
		{AAD3153B-5162-4ED9-8B2F-E62AAA054F42}.AppStore|iPhoneSimulator.ActiveCfg = Debug|Any CPU
		{AAD3153B-5162-4ED9-8B2F-E62AAA054F42}.AppStore|iPhoneSimulator.Build.0 = Debug|Any CPU
		{AAD3153B-5162-4ED9-8B2F-E62AAA054F42}.AppStore|iPhoneSimulator.Deploy.0 = Debug|Any CPU
		{AAD3153B-5162-4ED9-8B2F-E62AAA054F42}.AppStore|x64.ActiveCfg = Debug|Any CPU
		{AAD3153B-5162-4ED9-8B2F-E62AAA054F42}.AppStore|x64.Build.0 = Debug|Any CPU
		{AAD3153B-5162-4ED9-8B2F-E62AAA054F42}.AppStore|x64.Deploy.0 = Debug|Any CPU
		{AAD3153B-5162-4ED9-8B2F-E62AAA054F42}.AppStore|x86.ActiveCfg = Debug|Any CPU
		{AAD3153B-5162-4ED9-8B2F-E62AAA054F42}.AppStore|x86.Build.0 = Debug|Any CPU
		{AAD3153B-5162-4ED9-8B2F-E62AAA054F42}.AppStore|x86.Deploy.0 = Debug|Any CPU
		{AAD3153B-5162-4ED9-8B2F-E62AAA054F42}.Debug|Any CPU.ActiveCfg = Debug|Any CPU
		{AAD3153B-5162-4ED9-8B2F-E62AAA054F42}.Debug|Any CPU.Build.0 = Debug|Any CPU
		{AAD3153B-5162-4ED9-8B2F-E62AAA054F42}.Debug|Any CPU.Deploy.0 = Debug|Any CPU
		{AAD3153B-5162-4ED9-8B2F-E62AAA054F42}.Debug|ARM.ActiveCfg = Debug|Any CPU
		{AAD3153B-5162-4ED9-8B2F-E62AAA054F42}.Debug|ARM.Build.0 = Debug|Any CPU
		{AAD3153B-5162-4ED9-8B2F-E62AAA054F42}.Debug|ARM.Deploy.0 = Debug|Any CPU
		{AAD3153B-5162-4ED9-8B2F-E62AAA054F42}.Debug|iPhone.ActiveCfg = Debug|Any CPU
		{AAD3153B-5162-4ED9-8B2F-E62AAA054F42}.Debug|iPhone.Build.0 = Debug|Any CPU
		{AAD3153B-5162-4ED9-8B2F-E62AAA054F42}.Debug|iPhone.Deploy.0 = Debug|Any CPU
		{AAD3153B-5162-4ED9-8B2F-E62AAA054F42}.Debug|iPhoneSimulator.ActiveCfg = Debug|Any CPU
		{AAD3153B-5162-4ED9-8B2F-E62AAA054F42}.Debug|iPhoneSimulator.Build.0 = Debug|Any CPU
		{AAD3153B-5162-4ED9-8B2F-E62AAA054F42}.Debug|iPhoneSimulator.Deploy.0 = Debug|Any CPU
		{AAD3153B-5162-4ED9-8B2F-E62AAA054F42}.Debug|x64.ActiveCfg = Debug|Any CPU
		{AAD3153B-5162-4ED9-8B2F-E62AAA054F42}.Debug|x64.Build.0 = Debug|Any CPU
		{AAD3153B-5162-4ED9-8B2F-E62AAA054F42}.Debug|x64.Deploy.0 = Debug|Any CPU
		{AAD3153B-5162-4ED9-8B2F-E62AAA054F42}.Debug|x86.ActiveCfg = Debug|Any CPU
		{AAD3153B-5162-4ED9-8B2F-E62AAA054F42}.Debug|x86.Build.0 = Debug|Any CPU
		{AAD3153B-5162-4ED9-8B2F-E62AAA054F42}.Debug|x86.Deploy.0 = Debug|Any CPU
		{AAD3153B-5162-4ED9-8B2F-E62AAA054F42}.Release|Any CPU.ActiveCfg = Release|Any CPU
		{AAD3153B-5162-4ED9-8B2F-E62AAA054F42}.Release|Any CPU.Build.0 = Release|Any CPU
		{AAD3153B-5162-4ED9-8B2F-E62AAA054F42}.Release|Any CPU.Deploy.0 = Release|Any CPU
		{AAD3153B-5162-4ED9-8B2F-E62AAA054F42}.Release|ARM.ActiveCfg = Release|Any CPU
		{AAD3153B-5162-4ED9-8B2F-E62AAA054F42}.Release|ARM.Build.0 = Release|Any CPU
		{AAD3153B-5162-4ED9-8B2F-E62AAA054F42}.Release|ARM.Deploy.0 = Release|Any CPU
		{AAD3153B-5162-4ED9-8B2F-E62AAA054F42}.Release|iPhone.ActiveCfg = Release|Any CPU
		{AAD3153B-5162-4ED9-8B2F-E62AAA054F42}.Release|iPhone.Build.0 = Release|Any CPU
		{AAD3153B-5162-4ED9-8B2F-E62AAA054F42}.Release|iPhone.Deploy.0 = Release|Any CPU
		{AAD3153B-5162-4ED9-8B2F-E62AAA054F42}.Release|iPhoneSimulator.ActiveCfg = Release|Any CPU
		{AAD3153B-5162-4ED9-8B2F-E62AAA054F42}.Release|iPhoneSimulator.Build.0 = Release|Any CPU
		{AAD3153B-5162-4ED9-8B2F-E62AAA054F42}.Release|iPhoneSimulator.Deploy.0 = Release|Any CPU
		{AAD3153B-5162-4ED9-8B2F-E62AAA054F42}.Release|x64.ActiveCfg = Release|Any CPU
		{AAD3153B-5162-4ED9-8B2F-E62AAA054F42}.Release|x64.Build.0 = Release|Any CPU
		{AAD3153B-5162-4ED9-8B2F-E62AAA054F42}.Release|x64.Deploy.0 = Release|Any CPU
		{AAD3153B-5162-4ED9-8B2F-E62AAA054F42}.Release|x86.ActiveCfg = Release|Any CPU
		{AAD3153B-5162-4ED9-8B2F-E62AAA054F42}.Release|x86.Build.0 = Release|Any CPU
		{AAD3153B-5162-4ED9-8B2F-E62AAA054F42}.Release|x86.Deploy.0 = Release|Any CPU
		{F50D3651-D421-4CB0-B381-FF5DAC65430B}.Ad-Hoc|Any CPU.ActiveCfg = Debug|Any CPU
		{F50D3651-D421-4CB0-B381-FF5DAC65430B}.Ad-Hoc|Any CPU.Build.0 = Debug|Any CPU
		{F50D3651-D421-4CB0-B381-FF5DAC65430B}.Ad-Hoc|ARM.ActiveCfg = Debug|Any CPU
		{F50D3651-D421-4CB0-B381-FF5DAC65430B}.Ad-Hoc|ARM.Build.0 = Debug|Any CPU
		{F50D3651-D421-4CB0-B381-FF5DAC65430B}.Ad-Hoc|iPhone.ActiveCfg = Debug|Any CPU
		{F50D3651-D421-4CB0-B381-FF5DAC65430B}.Ad-Hoc|iPhone.Build.0 = Debug|Any CPU
		{F50D3651-D421-4CB0-B381-FF5DAC65430B}.Ad-Hoc|iPhoneSimulator.ActiveCfg = Debug|Any CPU
		{F50D3651-D421-4CB0-B381-FF5DAC65430B}.Ad-Hoc|iPhoneSimulator.Build.0 = Debug|Any CPU
		{F50D3651-D421-4CB0-B381-FF5DAC65430B}.Ad-Hoc|x64.ActiveCfg = Debug|Any CPU
		{F50D3651-D421-4CB0-B381-FF5DAC65430B}.Ad-Hoc|x64.Build.0 = Debug|Any CPU
		{F50D3651-D421-4CB0-B381-FF5DAC65430B}.Ad-Hoc|x86.ActiveCfg = Debug|Any CPU
		{F50D3651-D421-4CB0-B381-FF5DAC65430B}.Ad-Hoc|x86.Build.0 = Debug|Any CPU
		{F50D3651-D421-4CB0-B381-FF5DAC65430B}.AppStore|Any CPU.ActiveCfg = Debug|Any CPU
		{F50D3651-D421-4CB0-B381-FF5DAC65430B}.AppStore|Any CPU.Build.0 = Debug|Any CPU
		{F50D3651-D421-4CB0-B381-FF5DAC65430B}.AppStore|ARM.ActiveCfg = Debug|Any CPU
		{F50D3651-D421-4CB0-B381-FF5DAC65430B}.AppStore|ARM.Build.0 = Debug|Any CPU
		{F50D3651-D421-4CB0-B381-FF5DAC65430B}.AppStore|iPhone.ActiveCfg = Debug|Any CPU
		{F50D3651-D421-4CB0-B381-FF5DAC65430B}.AppStore|iPhone.Build.0 = Debug|Any CPU
		{F50D3651-D421-4CB0-B381-FF5DAC65430B}.AppStore|iPhoneSimulator.ActiveCfg = Debug|Any CPU
		{F50D3651-D421-4CB0-B381-FF5DAC65430B}.AppStore|iPhoneSimulator.Build.0 = Debug|Any CPU
		{F50D3651-D421-4CB0-B381-FF5DAC65430B}.AppStore|x64.ActiveCfg = Debug|Any CPU
		{F50D3651-D421-4CB0-B381-FF5DAC65430B}.AppStore|x64.Build.0 = Debug|Any CPU
		{F50D3651-D421-4CB0-B381-FF5DAC65430B}.AppStore|x86.ActiveCfg = Debug|Any CPU
		{F50D3651-D421-4CB0-B381-FF5DAC65430B}.AppStore|x86.Build.0 = Debug|Any CPU
		{F50D3651-D421-4CB0-B381-FF5DAC65430B}.Debug|Any CPU.ActiveCfg = Debug|Any CPU
		{F50D3651-D421-4CB0-B381-FF5DAC65430B}.Debug|Any CPU.Build.0 = Debug|Any CPU
		{F50D3651-D421-4CB0-B381-FF5DAC65430B}.Debug|ARM.ActiveCfg = Debug|Any CPU
		{F50D3651-D421-4CB0-B381-FF5DAC65430B}.Debug|ARM.Build.0 = Debug|Any CPU
		{F50D3651-D421-4CB0-B381-FF5DAC65430B}.Debug|iPhone.ActiveCfg = Debug|Any CPU
		{F50D3651-D421-4CB0-B381-FF5DAC65430B}.Debug|iPhone.Build.0 = Debug|Any CPU
		{F50D3651-D421-4CB0-B381-FF5DAC65430B}.Debug|iPhoneSimulator.ActiveCfg = Debug|Any CPU
		{F50D3651-D421-4CB0-B381-FF5DAC65430B}.Debug|iPhoneSimulator.Build.0 = Debug|Any CPU
		{F50D3651-D421-4CB0-B381-FF5DAC65430B}.Debug|x64.ActiveCfg = Debug|Any CPU
		{F50D3651-D421-4CB0-B381-FF5DAC65430B}.Debug|x64.Build.0 = Debug|Any CPU
		{F50D3651-D421-4CB0-B381-FF5DAC65430B}.Debug|x86.ActiveCfg = Debug|Any CPU
		{F50D3651-D421-4CB0-B381-FF5DAC65430B}.Debug|x86.Build.0 = Debug|Any CPU
		{F50D3651-D421-4CB0-B381-FF5DAC65430B}.Release|Any CPU.ActiveCfg = Release|Any CPU
		{F50D3651-D421-4CB0-B381-FF5DAC65430B}.Release|Any CPU.Build.0 = Release|Any CPU
		{F50D3651-D421-4CB0-B381-FF5DAC65430B}.Release|ARM.ActiveCfg = Release|Any CPU
		{F50D3651-D421-4CB0-B381-FF5DAC65430B}.Release|ARM.Build.0 = Release|Any CPU
		{F50D3651-D421-4CB0-B381-FF5DAC65430B}.Release|iPhone.ActiveCfg = Release|Any CPU
		{F50D3651-D421-4CB0-B381-FF5DAC65430B}.Release|iPhone.Build.0 = Release|Any CPU
		{F50D3651-D421-4CB0-B381-FF5DAC65430B}.Release|iPhoneSimulator.ActiveCfg = Release|Any CPU
		{F50D3651-D421-4CB0-B381-FF5DAC65430B}.Release|iPhoneSimulator.Build.0 = Release|Any CPU
		{F50D3651-D421-4CB0-B381-FF5DAC65430B}.Release|x64.ActiveCfg = Release|Any CPU
		{F50D3651-D421-4CB0-B381-FF5DAC65430B}.Release|x64.Build.0 = Release|Any CPU
		{F50D3651-D421-4CB0-B381-FF5DAC65430B}.Release|x86.ActiveCfg = Release|Any CPU
		{F50D3651-D421-4CB0-B381-FF5DAC65430B}.Release|x86.Build.0 = Release|Any CPU
	EndGlobalSection
	GlobalSection(SolutionProperties) = preSolution
		HideSolutionNode = FALSE
	EndGlobalSection
	GlobalSection(ExtensibilityGlobals) = postSolution
		SolutionGuid = {27858380-A018-45C3-9AC9-DFF63F0F5F2D}
	EndGlobalSection
EndGlobal
